
Microsoft Visual Studio Solution File, Format Version 12.00
# Visual Studio Version 17
VisualStudioVersion = 17.4.33403.182
MinimumVisualStudioVersion = 10.0.40219.1
Project("{9A19103F-16F7-4668-BE54-9A1E7A4F7556}") = "FirstConsoleApp", "FirstConsoleApp\FirstConsoleApp.csproj", "{89F32B74-50F7-4314-9CF2-1CF15B89FC20}"
EndProject
Project("{9A19103F-16F7-4668-BE54-9A1E7A4F7556}") = "Inputs", "Inputs\Inputs.csproj", "{1F1DFBA5-4F4A-4E7F-A1AF-4D2900722CE7}"
EndProject
Project("{9A19103F-16F7-4668-BE54-9A1E7A4F7556}") = "objectType", "objectType\objectType.csproj", "{0EA49E90-A428-40D7-86A4-B6A695CCBCE3}"
EndProject
Project("{9A19103F-16F7-4668-BE54-9A1E7A4F7556}") = "Methods", "Methods\Methods.csproj", "{08147D7E-055A-44A7-80A2-5E1D0815DD07}"
EndProject
Project("{9A19103F-16F7-4668-BE54-9A1E7A4F7556}") = "Methods_Part2", "Methods_Part2\Methods_Part2.csproj", "{506BF5B8-58C7-4058-9A4C-D9A4C8341992}"
EndProject
Project("{FAE04EC0-301F-11D3-BF4B-00C04F79EFBC}") = "TryCatch", "TryCatch\TryCatch.csproj", "{5C26A8DB-C7FD-405E-80EA-732D83069BCD}"
EndProject
Project("{FAE04EC0-301F-11D3-BF4B-00C04F79EFBC}") = "Oop_Part1", "Oop_Part1\Oop_Part1.csproj", "{5F1C2837-CDA1-4A48-8196-001B20964AC3}"
EndProject
Global
	GlobalSection(SolutionConfigurationPlatforms) = preSolution
		Debug|Any CPU = Debug|Any CPU
		Release|Any CPU = Release|Any CPU
	EndGlobalSection
	GlobalSection(ProjectConfigurationPlatforms) = postSolution
		{89F32B74-50F7-4314-9CF2-1CF15B89FC20}.Debug|Any CPU.ActiveCfg = Debug|Any CPU
		{89F32B74-50F7-4314-9CF2-1CF15B89FC20}.Debug|Any CPU.Build.0 = Debug|Any CPU
		{89F32B74-50F7-4314-9CF2-1CF15B89FC20}.Release|Any CPU.ActiveCfg = Release|Any CPU
		{89F32B74-50F7-4314-9CF2-1CF15B89FC20}.Release|Any CPU.Build.0 = Release|Any CPU
		{1F1DFBA5-4F4A-4E7F-A1AF-4D2900722CE7}.Debug|Any CPU.ActiveCfg = Debug|Any CPU
		{1F1DFBA5-4F4A-4E7F-A1AF-4D2900722CE7}.Debug|Any CPU.Build.0 = Debug|Any CPU
		{1F1DFBA5-4F4A-4E7F-A1AF-4D2900722CE7}.Release|Any CPU.ActiveCfg = Release|Any CPU
		{1F1DFBA5-4F4A-4E7F-A1AF-4D2900722CE7}.Release|Any CPU.Build.0 = Release|Any CPU
		{0EA49E90-A428-40D7-86A4-B6A695CCBCE3}.Debug|Any CPU.ActiveCfg = Debug|Any CPU
		{0EA49E90-A428-40D7-86A4-B6A695CCBCE3}.Debug|Any CPU.Build.0 = Debug|Any CPU
		{0EA49E90-A428-40D7-86A4-B6A695CCBCE3}.Release|Any CPU.ActiveCfg = Release|Any CPU
		{0EA49E90-A428-40D7-86A4-B6A695CCBCE3}.Release|Any CPU.Build.0 = Release|Any CPU
		{08147D7E-055A-44A7-80A2-5E1D0815DD07}.Debug|Any CPU.ActiveCfg = Debug|Any CPU
		{08147D7E-055A-44A7-80A2-5E1D0815DD07}.Debug|Any CPU.Build.0 = Debug|Any CPU
		{08147D7E-055A-44A7-80A2-5E1D0815DD07}.Release|Any CPU.ActiveCfg = Release|Any CPU
		{08147D7E-055A-44A7-80A2-5E1D0815DD07}.Release|Any CPU.Build.0 = Release|Any CPU
		{506BF5B8-58C7-4058-9A4C-D9A4C8341992}.Debug|Any CPU.ActiveCfg = Debug|Any CPU
		{506BF5B8-58C7-4058-9A4C-D9A4C8341992}.Debug|Any CPU.Build.0 = Debug|Any CPU
		{506BF5B8-58C7-4058-9A4C-D9A4C8341992}.Release|Any CPU.ActiveCfg = Release|Any CPU
		{506BF5B8-58C7-4058-9A4C-D9A4C8341992}.Release|Any CPU.Build.0 = Release|Any CPU
		{5C26A8DB-C7FD-405E-80EA-732D83069BCD}.Debug|Any CPU.ActiveCfg = Debug|Any CPU
		{5C26A8DB-C7FD-405E-80EA-732D83069BCD}.Debug|Any CPU.Build.0 = Debug|Any CPU
		{5C26A8DB-C7FD-405E-80EA-732D83069BCD}.Release|Any CPU.ActiveCfg = Release|Any CPU
		{5C26A8DB-C7FD-405E-80EA-732D83069BCD}.Release|Any CPU.Build.0 = Release|Any CPU
		{5F1C2837-CDA1-4A48-8196-001B20964AC3}.Debug|Any CPU.ActiveCfg = Debug|Any CPU
		{5F1C2837-CDA1-4A48-8196-001B20964AC3}.Debug|Any CPU.Build.0 = Debug|Any CPU
		{5F1C2837-CDA1-4A48-8196-001B20964AC3}.Release|Any CPU.ActiveCfg = Release|Any CPU
		{5F1C2837-CDA1-4A48-8196-001B20964AC3}.Release|Any CPU.Build.0 = Release|Any CPU
	EndGlobalSection
	GlobalSection(SolutionProperties) = preSolution
		HideSolutionNode = FALSE
	EndGlobalSection
	GlobalSection(ExtensibilityGlobals) = postSolution
		SolutionGuid = {BFADD228-F47A-49A3-90BF-480563FF1193}
	EndGlobalSection
EndGlobal
